
Microsoft Visual Studio Solution File, Format Version 12.00
# Visual Studio 2013
VisualStudioVersion = 12.0.31101.0
MinimumVisualStudioVersion = 10.0.40219.1
Project("{FAE04EC0-301F-11D3-BF4B-00C04F79EFBC}") = "01_OddLines", "01_OddLines\01_OddLines.csproj", "{89F3E699-78F8-415E-A473-6F4D003AC574}"
EndProject
Project("{FAE04EC0-301F-11D3-BF4B-00C04F79EFBC}") = "02_FilesConcatenation", "02_CompaireFiles\02_FilesConcatenation.csproj", "{90CABD2B-321A-4B46-934B-07A979DB72B6}"
EndProject
Project("{FAE04EC0-301F-11D3-BF4B-00C04F79EFBC}") = "03_AddLinesNumbers", "03_AddLinesNumbers\03_AddLinesNumbers.csproj", "{0BA374F2-F909-4D42-9DD6-05D3904B179F}"
EndProject
Project("{FAE04EC0-301F-11D3-BF4B-00C04F79EFBC}") = "04_CompareFiles", "04_CompareFiles\04_CompareFiles.csproj", "{51992339-8476-4414-9DCC-7BFCFEE8280F}"
EndProject
Project("{FAE04EC0-301F-11D3-BF4B-00C04F79EFBC}") = "05_ReadMatrixFromFile", "05_ReadMatrixFromFile\05_ReadMatrixFromFile.csproj", "{72A47CA5-5D43-4692-B76F-A5207DC23683}"
EndProject
Project("{FAE04EC0-301F-11D3-BF4B-00C04F79EFBC}") = "06_StringSorting", "06_StringSorting\06_StringSorting.csproj", "{789EEE95-8E2A-4B26-9283-3C081F71E5CE}"
EndProject
Project("{FAE04EC0-301F-11D3-BF4B-00C04F79EFBC}") = "07_ReplaceSubstringInLargeFile", "07_ReplaceSubstringInLargeFile\07_ReplaceSubstringInLargeFile.csproj", "{0C08438A-AFD3-4150-979B-3DD29AF7907C}"
EndProject
Project("{FAE04EC0-301F-11D3-BF4B-00C04F79EFBC}") = "09_DeleteOddLines", "09_DeleteOddLines\09_DeleteOddLines.csproj", "{6D7D68B0-F088-4B10-8DE8-9DD41F144F90}"
EndProject
Project("{FAE04EC0-301F-11D3-BF4B-00C04F79EFBC}") = "10_RemoveXMLTags", "10_RemoveXMLTags\10_RemoveXMLTags.csproj", "{568F0CA8-DB86-47FE-ADAC-F8F0C2158392}"
EndProject
Project("{FAE04EC0-301F-11D3-BF4B-00C04F79EFBC}") = "11_RemoveWordsPrefix", "11_RemoveWordsPrefix\11_RemoveWordsPrefix.csproj", "{51D88F8D-954B-4608-9B60-23E31C6D98D6}"
EndProject
Project("{FAE04EC0-301F-11D3-BF4B-00C04F79EFBC}") = "12_RemoveBadWords", "12_RemoveBadWords\12_RemoveBadWords.csproj", "{F2A01DF4-E739-4106-91E4-F5A9FC27CE24}"
EndProject
Global
	GlobalSection(SolutionConfigurationPlatforms) = preSolution
		Debug|Any CPU = Debug|Any CPU
		Release|Any CPU = Release|Any CPU
	EndGlobalSection
	GlobalSection(ProjectConfigurationPlatforms) = postSolution
		{89F3E699-78F8-415E-A473-6F4D003AC574}.Debug|Any CPU.ActiveCfg = Debug|Any CPU
		{89F3E699-78F8-415E-A473-6F4D003AC574}.Debug|Any CPU.Build.0 = Debug|Any CPU
		{89F3E699-78F8-415E-A473-6F4D003AC574}.Release|Any CPU.ActiveCfg = Release|Any CPU
		{89F3E699-78F8-415E-A473-6F4D003AC574}.Release|Any CPU.Build.0 = Release|Any CPU
		{90CABD2B-321A-4B46-934B-07A979DB72B6}.Debug|Any CPU.ActiveCfg = Debug|Any CPU
		{90CABD2B-321A-4B46-934B-07A979DB72B6}.Debug|Any CPU.Build.0 = Debug|Any CPU
		{90CABD2B-321A-4B46-934B-07A979DB72B6}.Release|Any CPU.ActiveCfg = Release|Any CPU
		{90CABD2B-321A-4B46-934B-07A979DB72B6}.Release|Any CPU.Build.0 = Release|Any CPU
		{0BA374F2-F909-4D42-9DD6-05D3904B179F}.Debug|Any CPU.ActiveCfg = Debug|Any CPU
		{0BA374F2-F909-4D42-9DD6-05D3904B179F}.Debug|Any CPU.Build.0 = Debug|Any CPU
		{0BA374F2-F909-4D42-9DD6-05D3904B179F}.Release|Any CPU.ActiveCfg = Release|Any CPU
		{0BA374F2-F909-4D42-9DD6-05D3904B179F}.Release|Any CPU.Build.0 = Release|Any CPU
		{51992339-8476-4414-9DCC-7BFCFEE8280F}.Debug|Any CPU.ActiveCfg = Debug|Any CPU
		{51992339-8476-4414-9DCC-7BFCFEE8280F}.Debug|Any CPU.Build.0 = Debug|Any CPU
		{51992339-8476-4414-9DCC-7BFCFEE8280F}.Release|Any CPU.ActiveCfg = Release|Any CPU
		{51992339-8476-4414-9DCC-7BFCFEE8280F}.Release|Any CPU.Build.0 = Release|Any CPU
		{72A47CA5-5D43-4692-B76F-A5207DC23683}.Debug|Any CPU.ActiveCfg = Debug|Any CPU
		{72A47CA5-5D43-4692-B76F-A5207DC23683}.Debug|Any CPU.Build.0 = Debug|Any CPU
		{72A47CA5-5D43-4692-B76F-A5207DC23683}.Release|Any CPU.ActiveCfg = Release|Any CPU
		{72A47CA5-5D43-4692-B76F-A5207DC23683}.Release|Any CPU.Build.0 = Release|Any CPU
		{789EEE95-8E2A-4B26-9283-3C081F71E5CE}.Debug|Any CPU.ActiveCfg = Debug|Any CPU
		{789EEE95-8E2A-4B26-9283-3C081F71E5CE}.Debug|Any CPU.Build.0 = Debug|Any CPU
		{789EEE95-8E2A-4B26-9283-3C081F71E5CE}.Release|Any CPU.ActiveCfg = Release|Any CPU
		{789EEE95-8E2A-4B26-9283-3C081F71E5CE}.Release|Any CPU.Build.0 = Release|Any CPU
		{0C08438A-AFD3-4150-979B-3DD29AF7907C}.Debug|Any CPU.ActiveCfg = Debug|Any CPU
		{0C08438A-AFD3-4150-979B-3DD29AF7907C}.Debug|Any CPU.Build.0 = Debug|Any CPU
		{0C08438A-AFD3-4150-979B-3DD29AF7907C}.Release|Any CPU.ActiveCfg = Release|Any CPU
		{0C08438A-AFD3-4150-979B-3DD29AF7907C}.Release|Any CPU.Build.0 = Release|Any CPU
		{6D7D68B0-F088-4B10-8DE8-9DD41F144F90}.Debug|Any CPU.ActiveCfg = Debug|Any CPU
		{6D7D68B0-F088-4B10-8DE8-9DD41F144F90}.Debug|Any CPU.Build.0 = Debug|Any CPU
		{6D7D68B0-F088-4B10-8DE8-9DD41F144F90}.Release|Any CPU.ActiveCfg = Release|Any CPU
		{6D7D68B0-F088-4B10-8DE8-9DD41F144F90}.Release|Any CPU.Build.0 = Release|Any CPU
		{568F0CA8-DB86-47FE-ADAC-F8F0C2158392}.Debug|Any CPU.ActiveCfg = Debug|Any CPU
		{568F0CA8-DB86-47FE-ADAC-F8F0C2158392}.Debug|Any CPU.Build.0 = Debug|Any CPU
		{568F0CA8-DB86-47FE-ADAC-F8F0C2158392}.Release|Any CPU.ActiveCfg = Release|Any CPU
		{568F0CA8-DB86-47FE-ADAC-F8F0C2158392}.Release|Any CPU.Build.0 = Release|Any CPU
		{51D88F8D-954B-4608-9B60-23E31C6D98D6}.Debug|Any CPU.ActiveCfg = Debug|Any CPU
		{51D88F8D-954B-4608-9B60-23E31C6D98D6}.Debug|Any CPU.Build.0 = Debug|Any CPU
		{51D88F8D-954B-4608-9B60-23E31C6D98D6}.Release|Any CPU.ActiveCfg = Release|Any CPU
		{51D88F8D-954B-4608-9B60-23E31C6D98D6}.Release|Any CPU.Build.0 = Release|Any CPU
		{F2A01DF4-E739-4106-91E4-F5A9FC27CE24}.Debug|Any CPU.ActiveCfg = Debug|Any CPU
		{F2A01DF4-E739-4106-91E4-F5A9FC27CE24}.Debug|Any CPU.Build.0 = Debug|Any CPU
		{F2A01DF4-E739-4106-91E4-F5A9FC27CE24}.Release|Any CPU.ActiveCfg = Release|Any CPU
		{F2A01DF4-E739-4106-91E4-F5A9FC27CE24}.Release|Any CPU.Build.0 = Release|Any CPU
	EndGlobalSection
	GlobalSection(SolutionProperties) = preSolution
		HideSolutionNode = FALSE
	EndGlobalSection
EndGlobal
