
Microsoft Visual Studio Solution File, Format Version 12.00
# Visual Studio 2013
VisualStudioVersion = 12.0.31101.0
MinimumVisualStudioVersion = 10.0.40219.1
Project("{FAE04EC0-301F-11D3-BF4B-00C04F79EFBC}") = "Task1", "Task1.csproj", "{087080DF-EC77-4E91-8A2E-94AE0188332F}"
EndProject
Project("{FAE04EC0-301F-11D3-BF4B-00C04F79EFBC}") = "Task2", "..\Task2\Task2.csproj", "{300857F8-5DF7-4E03-8766-69DC64C854B6}"
EndProject
Project("{FAE04EC0-301F-11D3-BF4B-00C04F79EFBC}") = "Task3", "Task3\Task3.csproj", "{97F7D01D-1A1F-448D-8B50-8A9F0857FDBF}"
EndProject
Global
	GlobalSection(SolutionConfigurationPlatforms) = preSolution
		Debug|Any CPU = Debug|Any CPU
		Release|Any CPU = Release|Any CPU
	EndGlobalSection
	GlobalSection(ProjectConfigurationPlatforms) = postSolution
		{087080DF-EC77-4E91-8A2E-94AE0188332F}.Debug|Any CPU.ActiveCfg = Debug|Any CPU
		{087080DF-EC77-4E91-8A2E-94AE0188332F}.Debug|Any CPU.Build.0 = Debug|Any CPU
		{087080DF-EC77-4E91-8A2E-94AE0188332F}.Release|Any CPU.ActiveCfg = Release|Any CPU
		{087080DF-EC77-4E91-8A2E-94AE0188332F}.Release|Any CPU.Build.0 = Release|Any CPU
		{300857F8-5DF7-4E03-8766-69DC64C854B6}.Debug|Any CPU.ActiveCfg = Debug|Any CPU
		{300857F8-5DF7-4E03-8766-69DC64C854B6}.Debug|Any CPU.Build.0 = Debug|Any CPU
		{300857F8-5DF7-4E03-8766-69DC64C854B6}.Release|Any CPU.ActiveCfg = Release|Any CPU
		{300857F8-5DF7-4E03-8766-69DC64C854B6}.Release|Any CPU.Build.0 = Release|Any CPU
		{97F7D01D-1A1F-448D-8B50-8A9F0857FDBF}.Debug|Any CPU.ActiveCfg = Debug|Any CPU
		{97F7D01D-1A1F-448D-8B50-8A9F0857FDBF}.Debug|Any CPU.Build.0 = Debug|Any CPU
		{97F7D01D-1A1F-448D-8B50-8A9F0857FDBF}.Release|Any CPU.ActiveCfg = Release|Any CPU
		{97F7D01D-1A1F-448D-8B50-8A9F0857FDBF}.Release|Any CPU.Build.0 = Release|Any CPU
	EndGlobalSection
	GlobalSection(SolutionProperties) = preSolution
		HideSolutionNode = FALSE
	EndGlobalSection
EndGlobal
