
Microsoft Visual Studio Solution File, Format Version 12.00
# Visual Studio 2013
VisualStudioVersion = 12.0.31101.0
MinimumVisualStudioVersion = 10.0.40219.1
Project("{FAE04EC0-301F-11D3-BF4B-00C04F79EFBC}") = "01_TryCatchFinaly", "01_task\01_TryCatchFinaly.csproj", "{2996A813-7FB8-4A8C-B5F2-B6D42CC4892E}"
EndProject
Project("{FAE04EC0-301F-11D3-BF4B-00C04F79EFBC}") = "02_ThrowException", "02_task\02_ThrowException.csproj", "{EEE308BC-B005-4834-8094-F8A87DFFD1F1}"
EndProject
Project("{FAE04EC0-301F-11D3-BF4B-00C04F79EFBC}") = "03_FullPathName", "03_task\03_FullPathName.csproj", "{6011CED3-10AA-4F70-908E-70A035A92AD0}"
EndProject
Project("{FAE04EC0-301F-11D3-BF4B-00C04F79EFBC}") = "04_WebDownload", "04_WebDownload\04_WebDownload.csproj", "{620CD6C6-CC16-43C5-BFC7-606B6394BBE8}"
EndProject
Global
	GlobalSection(SolutionConfigurationPlatforms) = preSolution
		Debug|Any CPU = Debug|Any CPU
		Release|Any CPU = Release|Any CPU
	EndGlobalSection
	GlobalSection(ProjectConfigurationPlatforms) = postSolution
		{2996A813-7FB8-4A8C-B5F2-B6D42CC4892E}.Debug|Any CPU.ActiveCfg = Debug|Any CPU
		{2996A813-7FB8-4A8C-B5F2-B6D42CC4892E}.Debug|Any CPU.Build.0 = Debug|Any CPU
		{2996A813-7FB8-4A8C-B5F2-B6D42CC4892E}.Release|Any CPU.ActiveCfg = Release|Any CPU
		{2996A813-7FB8-4A8C-B5F2-B6D42CC4892E}.Release|Any CPU.Build.0 = Release|Any CPU
		{EEE308BC-B005-4834-8094-F8A87DFFD1F1}.Debug|Any CPU.ActiveCfg = Debug|Any CPU
		{EEE308BC-B005-4834-8094-F8A87DFFD1F1}.Debug|Any CPU.Build.0 = Debug|Any CPU
		{EEE308BC-B005-4834-8094-F8A87DFFD1F1}.Release|Any CPU.ActiveCfg = Release|Any CPU
		{EEE308BC-B005-4834-8094-F8A87DFFD1F1}.Release|Any CPU.Build.0 = Release|Any CPU
		{6011CED3-10AA-4F70-908E-70A035A92AD0}.Debug|Any CPU.ActiveCfg = Debug|Any CPU
		{6011CED3-10AA-4F70-908E-70A035A92AD0}.Debug|Any CPU.Build.0 = Debug|Any CPU
		{6011CED3-10AA-4F70-908E-70A035A92AD0}.Release|Any CPU.ActiveCfg = Release|Any CPU
		{6011CED3-10AA-4F70-908E-70A035A92AD0}.Release|Any CPU.Build.0 = Release|Any CPU
		{620CD6C6-CC16-43C5-BFC7-606B6394BBE8}.Debug|Any CPU.ActiveCfg = Debug|Any CPU
		{620CD6C6-CC16-43C5-BFC7-606B6394BBE8}.Debug|Any CPU.Build.0 = Debug|Any CPU
		{620CD6C6-CC16-43C5-BFC7-606B6394BBE8}.Release|Any CPU.ActiveCfg = Release|Any CPU
		{620CD6C6-CC16-43C5-BFC7-606B6394BBE8}.Release|Any CPU.Build.0 = Release|Any CPU
	EndGlobalSection
	GlobalSection(SolutionProperties) = preSolution
		HideSolutionNode = FALSE
	EndGlobalSection
EndGlobal
