
Microsoft Visual Studio Solution File, Format Version 12.00
# Visual Studio 2013
VisualStudioVersion = 12.0.31101.0
MinimumVisualStudioVersion = 10.0.40219.1
Project("{FAE04EC0-301F-11D3-BF4B-00C04F79EFBC}") = "Task01", "Task1\Task01.csproj", "{80D46DB2-96AE-40AD-9891-39AC90F52295}"
EndProject
Project("{FAE04EC0-301F-11D3-BF4B-00C04F79EFBC}") = "Task02", "Task2\Task02.csproj", "{6AA1EE34-98A5-456D-9278-DB33F12826F8}"
EndProject
Project("{FAE04EC0-301F-11D3-BF4B-00C04F79EFBC}") = "Task03", "Task3\Task03.csproj", "{95BE7D06-E9F3-4634-B70B-9714D25C652A}"
EndProject
Project("{FAE04EC0-301F-11D3-BF4B-00C04F79EFBC}") = "Task04", "Task4\Task04.csproj", "{EAE321B5-2ED3-45BA-96E3-31F6A836146A}"
EndProject
Project("{FAE04EC0-301F-11D3-BF4B-00C04F79EFBC}") = "Task05", "Task5\Task05.csproj", "{D26327A1-1ED4-4903-AE7C-45717CD3468B}"
EndProject
Project("{FAE04EC0-301F-11D3-BF4B-00C04F79EFBC}") = "Task06", "Task6\Task06.csproj", "{C2F5AB26-E2CB-42F1-B248-3617A76C287E}"
EndProject
Project("{FAE04EC0-301F-11D3-BF4B-00C04F79EFBC}") = "Task07", "Task7\Task07.csproj", "{2C946F40-6CCF-4B2C-BE29-CCC23411F2A1}"
EndProject
Project("{FAE04EC0-301F-11D3-BF4B-00C04F79EFBC}") = "Task08", "Task8\Task08.csproj", "{CC061824-9709-4F10-93D6-361F9F8DBF9B}"
EndProject
Project("{FAE04EC0-301F-11D3-BF4B-00C04F79EFBC}") = "Task09", "Task9\Task09.csproj", "{5E2E3A5E-5E17-4A55-BF9E-1D3A5AA6563A}"
EndProject
Project("{FAE04EC0-301F-11D3-BF4B-00C04F79EFBC}") = "Task10", "Task10\Task10.csproj", "{B2E2DD0A-A60C-4AB8-9E4D-D5E5855F4C3D}"
EndProject
Project("{FAE04EC0-301F-11D3-BF4B-00C04F79EFBC}") = "Task11", "Task11\Task11.csproj", "{1DD51A67-883E-466E-8CBA-5BFBD764C89E}"
EndProject
Project("{FAE04EC0-301F-11D3-BF4B-00C04F79EFBC}") = "Task12", "Task12\Task12.csproj", "{432C77DC-DC1A-447A-8283-03ECE33633CF}"
EndProject
Project("{FAE04EC0-301F-11D3-BF4B-00C04F79EFBC}") = "Task13", "Task13\Task13.csproj", "{609E015D-34D4-4730-8AC9-432056E26A99}"
EndProject
Project("{FAE04EC0-301F-11D3-BF4B-00C04F79EFBC}") = "Task14", "Task14\Task14.csproj", "{5CB8D99A-D217-4064-800D-A10CA7C18D16}"
EndProject
Project("{FAE04EC0-301F-11D3-BF4B-00C04F79EFBC}") = "Task15", "Task15\Task15.csproj", "{05F4AB00-3814-48B7-BEBD-BF0BB1810C2E}"
EndProject
Project("{FAE04EC0-301F-11D3-BF4B-00C04F79EFBC}") = "Task16", "Task16\Task16.csproj", "{C64DFF32-34EB-47CD-96FC-9365D8E44AE5}"
EndProject
Project("{FAE04EC0-301F-11D3-BF4B-00C04F79EFBC}") = "Task17", "Task17\Task17.csproj", "{13A514D5-FFCA-4EF0-9A74-1E83376379BD}"
EndProject
Project("{FAE04EC0-301F-11D3-BF4B-00C04F79EFBC}") = "Task18", "Task18\Task18.csproj", "{74880803-6873-4249-9174-E7E4998BF3D1}"
EndProject
Project("{FAE04EC0-301F-11D3-BF4B-00C04F79EFBC}") = "Task20", "Task20\Task20.csproj", "{5B9BFC8C-7090-4D6D-8CF6-BD81273EF65D}"
EndProject
Global
	GlobalSection(SolutionConfigurationPlatforms) = preSolution
		Debug|Any CPU = Debug|Any CPU
		Release|Any CPU = Release|Any CPU
	EndGlobalSection
	GlobalSection(ProjectConfigurationPlatforms) = postSolution
		{80D46DB2-96AE-40AD-9891-39AC90F52295}.Debug|Any CPU.ActiveCfg = Debug|Any CPU
		{80D46DB2-96AE-40AD-9891-39AC90F52295}.Debug|Any CPU.Build.0 = Debug|Any CPU
		{80D46DB2-96AE-40AD-9891-39AC90F52295}.Release|Any CPU.ActiveCfg = Release|Any CPU
		{80D46DB2-96AE-40AD-9891-39AC90F52295}.Release|Any CPU.Build.0 = Release|Any CPU
		{6AA1EE34-98A5-456D-9278-DB33F12826F8}.Debug|Any CPU.ActiveCfg = Debug|Any CPU
		{6AA1EE34-98A5-456D-9278-DB33F12826F8}.Debug|Any CPU.Build.0 = Debug|Any CPU
		{6AA1EE34-98A5-456D-9278-DB33F12826F8}.Release|Any CPU.ActiveCfg = Release|Any CPU
		{6AA1EE34-98A5-456D-9278-DB33F12826F8}.Release|Any CPU.Build.0 = Release|Any CPU
		{95BE7D06-E9F3-4634-B70B-9714D25C652A}.Debug|Any CPU.ActiveCfg = Debug|Any CPU
		{95BE7D06-E9F3-4634-B70B-9714D25C652A}.Debug|Any CPU.Build.0 = Debug|Any CPU
		{95BE7D06-E9F3-4634-B70B-9714D25C652A}.Release|Any CPU.ActiveCfg = Release|Any CPU
		{95BE7D06-E9F3-4634-B70B-9714D25C652A}.Release|Any CPU.Build.0 = Release|Any CPU
		{EAE321B5-2ED3-45BA-96E3-31F6A836146A}.Debug|Any CPU.ActiveCfg = Debug|Any CPU
		{EAE321B5-2ED3-45BA-96E3-31F6A836146A}.Debug|Any CPU.Build.0 = Debug|Any CPU
		{EAE321B5-2ED3-45BA-96E3-31F6A836146A}.Release|Any CPU.ActiveCfg = Release|Any CPU
		{EAE321B5-2ED3-45BA-96E3-31F6A836146A}.Release|Any CPU.Build.0 = Release|Any CPU
		{D26327A1-1ED4-4903-AE7C-45717CD3468B}.Debug|Any CPU.ActiveCfg = Debug|Any CPU
		{D26327A1-1ED4-4903-AE7C-45717CD3468B}.Debug|Any CPU.Build.0 = Debug|Any CPU
		{D26327A1-1ED4-4903-AE7C-45717CD3468B}.Release|Any CPU.ActiveCfg = Release|Any CPU
		{D26327A1-1ED4-4903-AE7C-45717CD3468B}.Release|Any CPU.Build.0 = Release|Any CPU
		{C2F5AB26-E2CB-42F1-B248-3617A76C287E}.Debug|Any CPU.ActiveCfg = Debug|Any CPU
		{C2F5AB26-E2CB-42F1-B248-3617A76C287E}.Debug|Any CPU.Build.0 = Debug|Any CPU
		{C2F5AB26-E2CB-42F1-B248-3617A76C287E}.Release|Any CPU.ActiveCfg = Release|Any CPU
		{C2F5AB26-E2CB-42F1-B248-3617A76C287E}.Release|Any CPU.Build.0 = Release|Any CPU
		{2C946F40-6CCF-4B2C-BE29-CCC23411F2A1}.Debug|Any CPU.ActiveCfg = Debug|Any CPU
		{2C946F40-6CCF-4B2C-BE29-CCC23411F2A1}.Debug|Any CPU.Build.0 = Debug|Any CPU
		{2C946F40-6CCF-4B2C-BE29-CCC23411F2A1}.Release|Any CPU.ActiveCfg = Release|Any CPU
		{2C946F40-6CCF-4B2C-BE29-CCC23411F2A1}.Release|Any CPU.Build.0 = Release|Any CPU
		{CC061824-9709-4F10-93D6-361F9F8DBF9B}.Debug|Any CPU.ActiveCfg = Debug|Any CPU
		{CC061824-9709-4F10-93D6-361F9F8DBF9B}.Debug|Any CPU.Build.0 = Debug|Any CPU
		{CC061824-9709-4F10-93D6-361F9F8DBF9B}.Release|Any CPU.ActiveCfg = Release|Any CPU
		{CC061824-9709-4F10-93D6-361F9F8DBF9B}.Release|Any CPU.Build.0 = Release|Any CPU
		{5E2E3A5E-5E17-4A55-BF9E-1D3A5AA6563A}.Debug|Any CPU.ActiveCfg = Debug|Any CPU
		{5E2E3A5E-5E17-4A55-BF9E-1D3A5AA6563A}.Debug|Any CPU.Build.0 = Debug|Any CPU
		{5E2E3A5E-5E17-4A55-BF9E-1D3A5AA6563A}.Release|Any CPU.ActiveCfg = Release|Any CPU
		{5E2E3A5E-5E17-4A55-BF9E-1D3A5AA6563A}.Release|Any CPU.Build.0 = Release|Any CPU
		{B2E2DD0A-A60C-4AB8-9E4D-D5E5855F4C3D}.Debug|Any CPU.ActiveCfg = Debug|Any CPU
		{B2E2DD0A-A60C-4AB8-9E4D-D5E5855F4C3D}.Debug|Any CPU.Build.0 = Debug|Any CPU
		{B2E2DD0A-A60C-4AB8-9E4D-D5E5855F4C3D}.Release|Any CPU.ActiveCfg = Release|Any CPU
		{B2E2DD0A-A60C-4AB8-9E4D-D5E5855F4C3D}.Release|Any CPU.Build.0 = Release|Any CPU
		{1DD51A67-883E-466E-8CBA-5BFBD764C89E}.Debug|Any CPU.ActiveCfg = Debug|Any CPU
		{1DD51A67-883E-466E-8CBA-5BFBD764C89E}.Debug|Any CPU.Build.0 = Debug|Any CPU
		{1DD51A67-883E-466E-8CBA-5BFBD764C89E}.Release|Any CPU.ActiveCfg = Release|Any CPU
		{1DD51A67-883E-466E-8CBA-5BFBD764C89E}.Release|Any CPU.Build.0 = Release|Any CPU
		{432C77DC-DC1A-447A-8283-03ECE33633CF}.Debug|Any CPU.ActiveCfg = Debug|Any CPU
		{432C77DC-DC1A-447A-8283-03ECE33633CF}.Debug|Any CPU.Build.0 = Debug|Any CPU
		{432C77DC-DC1A-447A-8283-03ECE33633CF}.Release|Any CPU.ActiveCfg = Release|Any CPU
		{432C77DC-DC1A-447A-8283-03ECE33633CF}.Release|Any CPU.Build.0 = Release|Any CPU
		{609E015D-34D4-4730-8AC9-432056E26A99}.Debug|Any CPU.ActiveCfg = Debug|Any CPU
		{609E015D-34D4-4730-8AC9-432056E26A99}.Debug|Any CPU.Build.0 = Debug|Any CPU
		{609E015D-34D4-4730-8AC9-432056E26A99}.Release|Any CPU.ActiveCfg = Release|Any CPU
		{609E015D-34D4-4730-8AC9-432056E26A99}.Release|Any CPU.Build.0 = Release|Any CPU
		{5CB8D99A-D217-4064-800D-A10CA7C18D16}.Debug|Any CPU.ActiveCfg = Debug|Any CPU
		{5CB8D99A-D217-4064-800D-A10CA7C18D16}.Debug|Any CPU.Build.0 = Debug|Any CPU
		{5CB8D99A-D217-4064-800D-A10CA7C18D16}.Release|Any CPU.ActiveCfg = Release|Any CPU
		{5CB8D99A-D217-4064-800D-A10CA7C18D16}.Release|Any CPU.Build.0 = Release|Any CPU
		{05F4AB00-3814-48B7-BEBD-BF0BB1810C2E}.Debug|Any CPU.ActiveCfg = Debug|Any CPU
		{05F4AB00-3814-48B7-BEBD-BF0BB1810C2E}.Debug|Any CPU.Build.0 = Debug|Any CPU
		{05F4AB00-3814-48B7-BEBD-BF0BB1810C2E}.Release|Any CPU.ActiveCfg = Release|Any CPU
		{05F4AB00-3814-48B7-BEBD-BF0BB1810C2E}.Release|Any CPU.Build.0 = Release|Any CPU
		{C64DFF32-34EB-47CD-96FC-9365D8E44AE5}.Debug|Any CPU.ActiveCfg = Debug|Any CPU
		{C64DFF32-34EB-47CD-96FC-9365D8E44AE5}.Debug|Any CPU.Build.0 = Debug|Any CPU
		{C64DFF32-34EB-47CD-96FC-9365D8E44AE5}.Release|Any CPU.ActiveCfg = Release|Any CPU
		{C64DFF32-34EB-47CD-96FC-9365D8E44AE5}.Release|Any CPU.Build.0 = Release|Any CPU
		{13A514D5-FFCA-4EF0-9A74-1E83376379BD}.Debug|Any CPU.ActiveCfg = Debug|Any CPU
		{13A514D5-FFCA-4EF0-9A74-1E83376379BD}.Debug|Any CPU.Build.0 = Debug|Any CPU
		{13A514D5-FFCA-4EF0-9A74-1E83376379BD}.Release|Any CPU.ActiveCfg = Release|Any CPU
		{13A514D5-FFCA-4EF0-9A74-1E83376379BD}.Release|Any CPU.Build.0 = Release|Any CPU
		{74880803-6873-4249-9174-E7E4998BF3D1}.Debug|Any CPU.ActiveCfg = Debug|Any CPU
		{74880803-6873-4249-9174-E7E4998BF3D1}.Debug|Any CPU.Build.0 = Debug|Any CPU
		{74880803-6873-4249-9174-E7E4998BF3D1}.Release|Any CPU.ActiveCfg = Release|Any CPU
		{74880803-6873-4249-9174-E7E4998BF3D1}.Release|Any CPU.Build.0 = Release|Any CPU
		{5B9BFC8C-7090-4D6D-8CF6-BD81273EF65D}.Debug|Any CPU.ActiveCfg = Debug|Any CPU
		{5B9BFC8C-7090-4D6D-8CF6-BD81273EF65D}.Debug|Any CPU.Build.0 = Debug|Any CPU
		{5B9BFC8C-7090-4D6D-8CF6-BD81273EF65D}.Release|Any CPU.ActiveCfg = Release|Any CPU
		{5B9BFC8C-7090-4D6D-8CF6-BD81273EF65D}.Release|Any CPU.Build.0 = Release|Any CPU
	EndGlobalSection
	GlobalSection(SolutionProperties) = preSolution
		HideSolutionNode = FALSE
	EndGlobalSection
EndGlobal
