
Microsoft Visual Studio Solution File, Format Version 12.00
# Visual Studio 2013
VisualStudioVersion = 12.0.30723.0
MinimumVisualStudioVersion = 10.0.40219.1
Project("{FAE04EC0-301F-11D3-BF4B-00C04F79EFBC}") = "01. FromOneToN", "01. FromOneToN\01. FromOneToN.csproj", "{995ED17E-1581-4912-AAE1-FFB7573D4E9A}"
EndProject
Project("{FAE04EC0-301F-11D3-BF4B-00C04F79EFBC}") = "02. Divisible_by_5_and_7", "02. Divisible_by_5_and_7\02. Divisible_by_5_and_7.csproj", "{A43FE192-7ADE-449B-87D1-5BB3D5F1BD92}"
EndProject
Project("{FAE04EC0-301F-11D3-BF4B-00C04F79EFBC}") = "03. MinMaxNumber", "03. MinMaxNumber\03. MinMaxNumber.csproj", "{90EC142E-EB40-4102-B85A-3620462F4057}"
EndProject
Project("{FAE04EC0-301F-11D3-BF4B-00C04F79EFBC}") = "04. Divide_of_factorials", "04. Divide_of_factorials\04. Divide_of_factorials.csproj", "{DCECA00E-CBF2-4730-BECE-92662B50E4C2}"
EndProject
Project("{FAE04EC0-301F-11D3-BF4B-00C04F79EFBC}") = "05. MoreFactorials", "05. MoreFactorials\05. MoreFactorials.csproj", "{BBF83E49-D932-4BA7-B288-8C1BEBFC8140}"
EndProject
Project("{FAE04EC0-301F-11D3-BF4B-00C04F79EFBC}") = "06. NumbersSum", "06. NumbersSum\06. NumbersSum.csproj", "{1C9EBE22-76A2-46D8-9B55-27067597B233}"
EndProject
Project("{FAE04EC0-301F-11D3-BF4B-00C04F79EFBC}") = "07. Fibonacci", "07. Fibonacci\07. Fibonacci.csproj", "{541BDCB1-88AE-4B10-B7FA-C3307FA1A7ED}"
EndProject
Project("{FAE04EC0-301F-11D3-BF4B-00C04F79EFBC}") = "08. GreatestCommonDivisor", "08. GreatestCommonDivisor\08. GreatestCommonDivisor.csproj", "{77346DCB-FC31-417D-A027-6E0A9AC2BF4A}"
EndProject
Project("{FAE04EC0-301F-11D3-BF4B-00C04F79EFBC}") = "10. CathalanNumbers", "10. CathalanNumbers\10. CathalanNumbers.csproj", "{23B31834-02AE-423A-BFE0-D965D0D18A0B}"
EndProject
Project("{FAE04EC0-301F-11D3-BF4B-00C04F79EFBC}") = "11. CardDeckPrinting", "11. CardDeckPrinting\11. CardDeckPrinting.csproj", "{FFD5111E-67EC-4E62-8371-D3AEE9D0D689}"
EndProject
Project("{FAE04EC0-301F-11D3-BF4B-00C04F79EFBC}") = "12. Matrix", "12. Matrix\12. Matrix.csproj", "{8C26F6AC-9A8A-469C-919A-FD3878A914CA}"
EndProject
Project("{FAE04EC0-301F-11D3-BF4B-00C04F79EFBC}") = "13. TrailingZeros", "13. TrailingZeros\13. TrailingZeros.csproj", "{2158AC55-1B68-48A9-85A0-A1252625C172}"
EndProject
Project("{FAE04EC0-301F-11D3-BF4B-00C04F79EFBC}") = "14. FillMatrixBySpiral", "14. FillMatrixBySpiral\14. FillMatrixBySpiral.csproj", "{75B3768A-2380-471D-9533-6DC5550E75BB}"
EndProject
Global
	GlobalSection(SolutionConfigurationPlatforms) = preSolution
		Debug|Any CPU = Debug|Any CPU
		Release|Any CPU = Release|Any CPU
	EndGlobalSection
	GlobalSection(ProjectConfigurationPlatforms) = postSolution
		{995ED17E-1581-4912-AAE1-FFB7573D4E9A}.Debug|Any CPU.ActiveCfg = Debug|Any CPU
		{995ED17E-1581-4912-AAE1-FFB7573D4E9A}.Debug|Any CPU.Build.0 = Debug|Any CPU
		{995ED17E-1581-4912-AAE1-FFB7573D4E9A}.Release|Any CPU.ActiveCfg = Release|Any CPU
		{995ED17E-1581-4912-AAE1-FFB7573D4E9A}.Release|Any CPU.Build.0 = Release|Any CPU
		{A43FE192-7ADE-449B-87D1-5BB3D5F1BD92}.Debug|Any CPU.ActiveCfg = Debug|Any CPU
		{A43FE192-7ADE-449B-87D1-5BB3D5F1BD92}.Debug|Any CPU.Build.0 = Debug|Any CPU
		{A43FE192-7ADE-449B-87D1-5BB3D5F1BD92}.Release|Any CPU.ActiveCfg = Release|Any CPU
		{A43FE192-7ADE-449B-87D1-5BB3D5F1BD92}.Release|Any CPU.Build.0 = Release|Any CPU
		{90EC142E-EB40-4102-B85A-3620462F4057}.Debug|Any CPU.ActiveCfg = Debug|Any CPU
		{90EC142E-EB40-4102-B85A-3620462F4057}.Debug|Any CPU.Build.0 = Debug|Any CPU
		{90EC142E-EB40-4102-B85A-3620462F4057}.Release|Any CPU.ActiveCfg = Release|Any CPU
		{90EC142E-EB40-4102-B85A-3620462F4057}.Release|Any CPU.Build.0 = Release|Any CPU
		{DCECA00E-CBF2-4730-BECE-92662B50E4C2}.Debug|Any CPU.ActiveCfg = Debug|Any CPU
		{DCECA00E-CBF2-4730-BECE-92662B50E4C2}.Debug|Any CPU.Build.0 = Debug|Any CPU
		{DCECA00E-CBF2-4730-BECE-92662B50E4C2}.Release|Any CPU.ActiveCfg = Release|Any CPU
		{DCECA00E-CBF2-4730-BECE-92662B50E4C2}.Release|Any CPU.Build.0 = Release|Any CPU
		{BBF83E49-D932-4BA7-B288-8C1BEBFC8140}.Debug|Any CPU.ActiveCfg = Debug|Any CPU
		{BBF83E49-D932-4BA7-B288-8C1BEBFC8140}.Debug|Any CPU.Build.0 = Debug|Any CPU
		{BBF83E49-D932-4BA7-B288-8C1BEBFC8140}.Release|Any CPU.ActiveCfg = Release|Any CPU
		{BBF83E49-D932-4BA7-B288-8C1BEBFC8140}.Release|Any CPU.Build.0 = Release|Any CPU
		{1C9EBE22-76A2-46D8-9B55-27067597B233}.Debug|Any CPU.ActiveCfg = Debug|Any CPU
		{1C9EBE22-76A2-46D8-9B55-27067597B233}.Debug|Any CPU.Build.0 = Debug|Any CPU
		{1C9EBE22-76A2-46D8-9B55-27067597B233}.Release|Any CPU.ActiveCfg = Release|Any CPU
		{1C9EBE22-76A2-46D8-9B55-27067597B233}.Release|Any CPU.Build.0 = Release|Any CPU
		{541BDCB1-88AE-4B10-B7FA-C3307FA1A7ED}.Debug|Any CPU.ActiveCfg = Debug|Any CPU
		{541BDCB1-88AE-4B10-B7FA-C3307FA1A7ED}.Debug|Any CPU.Build.0 = Debug|Any CPU
		{541BDCB1-88AE-4B10-B7FA-C3307FA1A7ED}.Release|Any CPU.ActiveCfg = Release|Any CPU
		{541BDCB1-88AE-4B10-B7FA-C3307FA1A7ED}.Release|Any CPU.Build.0 = Release|Any CPU
		{77346DCB-FC31-417D-A027-6E0A9AC2BF4A}.Debug|Any CPU.ActiveCfg = Debug|Any CPU
		{77346DCB-FC31-417D-A027-6E0A9AC2BF4A}.Debug|Any CPU.Build.0 = Debug|Any CPU
		{77346DCB-FC31-417D-A027-6E0A9AC2BF4A}.Release|Any CPU.ActiveCfg = Release|Any CPU
		{77346DCB-FC31-417D-A027-6E0A9AC2BF4A}.Release|Any CPU.Build.0 = Release|Any CPU
		{23B31834-02AE-423A-BFE0-D965D0D18A0B}.Debug|Any CPU.ActiveCfg = Debug|Any CPU
		{23B31834-02AE-423A-BFE0-D965D0D18A0B}.Debug|Any CPU.Build.0 = Debug|Any CPU
		{23B31834-02AE-423A-BFE0-D965D0D18A0B}.Release|Any CPU.ActiveCfg = Release|Any CPU
		{23B31834-02AE-423A-BFE0-D965D0D18A0B}.Release|Any CPU.Build.0 = Release|Any CPU
		{FFD5111E-67EC-4E62-8371-D3AEE9D0D689}.Debug|Any CPU.ActiveCfg = Debug|Any CPU
		{FFD5111E-67EC-4E62-8371-D3AEE9D0D689}.Debug|Any CPU.Build.0 = Debug|Any CPU
		{FFD5111E-67EC-4E62-8371-D3AEE9D0D689}.Release|Any CPU.ActiveCfg = Release|Any CPU
		{FFD5111E-67EC-4E62-8371-D3AEE9D0D689}.Release|Any CPU.Build.0 = Release|Any CPU
		{8C26F6AC-9A8A-469C-919A-FD3878A914CA}.Debug|Any CPU.ActiveCfg = Debug|Any CPU
		{8C26F6AC-9A8A-469C-919A-FD3878A914CA}.Debug|Any CPU.Build.0 = Debug|Any CPU
		{8C26F6AC-9A8A-469C-919A-FD3878A914CA}.Release|Any CPU.ActiveCfg = Release|Any CPU
		{8C26F6AC-9A8A-469C-919A-FD3878A914CA}.Release|Any CPU.Build.0 = Release|Any CPU
		{2158AC55-1B68-48A9-85A0-A1252625C172}.Debug|Any CPU.ActiveCfg = Debug|Any CPU
		{2158AC55-1B68-48A9-85A0-A1252625C172}.Debug|Any CPU.Build.0 = Debug|Any CPU
		{2158AC55-1B68-48A9-85A0-A1252625C172}.Release|Any CPU.ActiveCfg = Release|Any CPU
		{2158AC55-1B68-48A9-85A0-A1252625C172}.Release|Any CPU.Build.0 = Release|Any CPU
		{75B3768A-2380-471D-9533-6DC5550E75BB}.Debug|Any CPU.ActiveCfg = Debug|Any CPU
		{75B3768A-2380-471D-9533-6DC5550E75BB}.Debug|Any CPU.Build.0 = Debug|Any CPU
		{75B3768A-2380-471D-9533-6DC5550E75BB}.Release|Any CPU.ActiveCfg = Release|Any CPU
		{75B3768A-2380-471D-9533-6DC5550E75BB}.Release|Any CPU.Build.0 = Release|Any CPU
	EndGlobalSection
	GlobalSection(SolutionProperties) = preSolution
		HideSolutionNode = FALSE
	EndGlobalSection
EndGlobal
